{
  "requires": true,
  "lockfileVersion": 1,
  "dependencies": {
    "hex-to-binary": {
      "version": "1.0.1",
      "resolved": "http://registry.npm.taobao.org/hex-to-binary/download/hex-to-binary-1.0.1.tgz",
      "integrity": "sha1-YcevAW/CK86pcE2fLpo46MfbuFQ="
    },
    "mode-s-decoder": {
      "version": "1.0.1",
      "resolved": "http://registry.npm.taobao.org/mode-s-decoder/download/mode-s-decoder-1.0.1.tgz",
      "integrity": "sha1-rhJfhs0p7qp4YcUlG3ameorlA1k=",
      "requires": {
        "mode-s-msglen": "^1.0.2"
      }
    },
    "mode-s-msglen": {
      "version": "1.0.4",
      "resolved": "http://registry.npm.taobao.org/mode-s-msglen/download/mode-s-msglen-1.0.4.tgz",
      "integrity": "sha1-FRZ9dnnIbOsSF4AA2GWXxjPx+iU="
    }
  }
}
