{
  "requires": true,
  "lockfileVersion": 1,
  "dependencies": {
    "fs-readfile-promise": {
      "version": "3.0.1",
      "resolved": "http://registry.npm.taobao.org/fs-readfile-promise/download/fs-readfile-promise-3.0.1.tgz",
      "integrity": "sha1-0NMHt/au38kgwx+m5XEu+qKXyVg=",
      "requires": {
        "graceful-fs": "^4.1.11"
      }
    },
    "graceful-fs": {
      "version": "4.1.11",
      "resolved": "http://registry.npm.taobao.org/graceful-fs/download/graceful-fs-4.1.11.tgz",
      "integrity": "sha1-Dovf5NHduIVNZOBOp8AOKgJuVlg="
    },
    "hex-to-binary": {
      "version": "1.0.1",
      "resolved": "http://registry.npm.taobao.org/hex-to-binary/download/hex-to-binary-1.0.1.tgz",
      "integrity": "sha1-YcevAW/CK86pcE2fLpo46MfbuFQ="
    },
    "line-reader": {
      "version": "0.4.0",
      "resolved": "http://registry.npm.taobao.org/line-reader/download/line-reader-0.4.0.tgz",
      "integrity": "sha1-F+RIGNoKwzVnW6MAlU+U72cOZv0="
    },
    "mode-s-decoder": {
      "version": "1.0.1",
      "resolved": "http://registry.npm.taobao.org/mode-s-decoder/download/mode-s-decoder-1.0.1.tgz",
      "integrity": "sha1-rhJfhs0p7qp4YcUlG3ameorlA1k=",
      "requires": {
        "mode-s-msglen": "^1.0.2"
      }
    },
    "mode-s-msglen": {
      "version": "1.0.4",
      "resolved": "http://registry.npm.taobao.org/mode-s-msglen/download/mode-s-msglen-1.0.4.tgz",
      "integrity": "sha1-FRZ9dnnIbOsSF4AA2GWXxjPx+iU="
    }
  }
}
